
Microsoft Visual Studio Solution File, Format Version 12.00
# Visual Studio Version 17
VisualStudioVersion = 17.5.33530.505
MinimumVisualStudioVersion = 10.0.40219.1
Project("{FAE04EC0-301F-11D3-BF4B-00C04F79EFBC}") = "publicieringlabb1backend", "publicieringlabb1backend\publicieringlabb1backend.csproj", "{5E73C4DC-8DF1-44C5-AB98-ABDF427444CC}"
EndProject
Global
	GlobalSection(SolutionConfigurationPlatforms) = preSolution
		Debug|Any CPU = Debug|Any CPU
		Release|Any CPU = Release|Any CPU
	EndGlobalSection
	GlobalSection(ProjectConfigurationPlatforms) = postSolution
		{5E73C4DC-8DF1-44C5-AB98-ABDF427444CC}.Debug|Any CPU.ActiveCfg = Debug|Any CPU
		{5E73C4DC-8DF1-44C5-AB98-ABDF427444CC}.Debug|Any CPU.Build.0 = Debug|Any CPU
		{5E73C4DC-8DF1-44C5-AB98-ABDF427444CC}.Release|Any CPU.ActiveCfg = Release|Any CPU
		{5E73C4DC-8DF1-44C5-AB98-ABDF427444CC}.Release|Any CPU.Build.0 = Release|Any CPU
	EndGlobalSection
	GlobalSection(SolutionProperties) = preSolution
		HideSolutionNode = FALSE
	EndGlobalSection
	GlobalSection(ExtensibilityGlobals) = postSolution
		SolutionGuid = {BD8AB40A-5096-4051-98AA-ADDC8909849D}
	EndGlobalSection
EndGlobal
